
Microsoft Visual Studio Solution File, Format Version 12.00
# Visual Studio Version 17
VisualStudioVersion = 17.0.31903.59
MinimumVisualStudioVersion = 10.0.40219.1
Project("{FAE04EC0-301F-11D3-BF4B-00C04F79EFBC}") = "main", "main.csproj", "{D1DBD128-F941-4C36-AF44-0FFA8BC9E639}"
EndProject
Project("{FAE04EC0-301F-11D3-BF4B-00C04F79EFBC}") = "Tests", "Tests\Tests.csproj", "{90C127C6-8457-40AA-86D5-239A0470F1F8}"
EndProject
Global
	GlobalSection(SolutionConfigurationPlatforms) = preSolution
		Debug|Any CPU = Debug|Any CPU
		Release|Any CPU = Release|Any CPU
	EndGlobalSection
	GlobalSection(SolutionProperties) = preSolution
		HideSolutionNode = FALSE
	EndGlobalSection
	GlobalSection(ProjectConfigurationPlatforms) = postSolution
		{D1DBD128-F941-4C36-AF44-0FFA8BC9E639}.Debug|Any CPU.ActiveCfg = Debug|Any CPU
		{D1DBD128-F941-4C36-AF44-0FFA8BC9E639}.Debug|Any CPU.Build.0 = Debug|Any CPU
		{D1DBD128-F941-4C36-AF44-0FFA8BC9E639}.Release|Any CPU.ActiveCfg = Release|Any CPU
		{D1DBD128-F941-4C36-AF44-0FFA8BC9E639}.Release|Any CPU.Build.0 = Release|Any CPU
		{90C127C6-8457-40AA-86D5-239A0470F1F8}.Debug|Any CPU.ActiveCfg = Debug|Any CPU
		{90C127C6-8457-40AA-86D5-239A0470F1F8}.Debug|Any CPU.Build.0 = Debug|Any CPU
		{90C127C6-8457-40AA-86D5-239A0470F1F8}.Release|Any CPU.ActiveCfg = Release|Any CPU
		{90C127C6-8457-40AA-86D5-239A0470F1F8}.Release|Any CPU.Build.0 = Release|Any CPU
	EndGlobalSection
EndGlobal
